
Microsoft Visual Studio Solution File, Format Version 12.00
Project("{FAE04EC0-301F-11D3-BF4B-00C04F79EFBC}") = "BulkTakeFileOwner", "BulkTakeFileOwner\BulkTakeFileOwner.csproj", "{BDED2F75-9AA0-48D4-AF84-9E5D2E24EA54}"
EndProject
Global
	GlobalSection(SolutionConfigurationPlatforms) = preSolution
		Debug|Any CPU = Debug|Any CPU
		Release|Any CPU = Release|Any CPU
	EndGlobalSection
	GlobalSection(ProjectConfigurationPlatforms) = postSolution
		{BDED2F75-9AA0-48D4-AF84-9E5D2E24EA54}.Debug|Any CPU.ActiveCfg = Debug|Any CPU
		{BDED2F75-9AA0-48D4-AF84-9E5D2E24EA54}.Debug|Any CPU.Build.0 = Debug|Any CPU
		{BDED2F75-9AA0-48D4-AF84-9E5D2E24EA54}.Release|Any CPU.ActiveCfg = Release|Any CPU
		{BDED2F75-9AA0-48D4-AF84-9E5D2E24EA54}.Release|Any CPU.Build.0 = Release|Any CPU
	EndGlobalSection
EndGlobal
